Microsoft Visual Studio Solution File, Format Version 12.00
# Visual Studio Version 17
VisualStudioVersion = 17.5.2.0
MinimumVisualStudioVersion = 10.0.40219.1
Project("{FAE04EC0-301F-11D3-BF4B-00C04F79EFBC}") = "WarsztatSamochodowy", "WarsztatSamochodowy\WarsztatSamochodowy.csproj", "{07AFBB7D-91F0-7A60-C2A0-E808A7BCF4C2}"
EndProject
Project("{2150E333-8FDC-42A3-9474-1A3956D46DE8}") = "WarsztatSamochodowy (1)", "WarsztatSamochodowy (1)", "{9AC825CD-E9CE-807F-90B4-13B1BA87B887}"
EndProject
Project("{FAE04EC0-301F-11D3-BF4B-00C04F79EFBC}") = "WarsztatSamochodowy.Tests", "WarsztatSamochodowy\WarsztatSamochodowy.Tests\WarsztatSamochodowy.Tests.csproj", "{9DA9240E-DD12-B9AF-3EE6-5C760CAD55C5}"
EndProject
Global
	GlobalSection(SolutionConfigurationPlatforms) = preSolution
		Debug|Any CPU = Debug|Any CPU
		Release|Any CPU = Release|Any CPU
	EndGlobalSection
	GlobalSection(ProjectConfigurationPlatforms) = postSolution
		{07AFBB7D-91F0-7A60-C2A0-E808A7BCF4C2}.Debug|Any CPU.ActiveCfg = Debug|Any CPU
		{07AFBB7D-91F0-7A60-C2A0-E808A7BCF4C2}.Debug|Any CPU.Build.0 = Debug|Any CPU
		{07AFBB7D-91F0-7A60-C2A0-E808A7BCF4C2}.Release|Any CPU.ActiveCfg = Release|Any CPU
		{07AFBB7D-91F0-7A60-C2A0-E808A7BCF4C2}.Release|Any CPU.Build.0 = Release|Any CPU
		{9DA9240E-DD12-B9AF-3EE6-5C760CAD55C5}.Debug|Any CPU.ActiveCfg = Debug|Any CPU
		{9DA9240E-DD12-B9AF-3EE6-5C760CAD55C5}.Debug|Any CPU.Build.0 = Debug|Any CPU
		{9DA9240E-DD12-B9AF-3EE6-5C760CAD55C5}.Release|Any CPU.ActiveCfg = Release|Any CPU
		{9DA9240E-DD12-B9AF-3EE6-5C760CAD55C5}.Release|Any CPU.Build.0 = Release|Any CPU
	EndGlobalSection
	GlobalSection(SolutionProperties) = preSolution
		HideSolutionNode = FALSE
	EndGlobalSection
	GlobalSection(NestedProjects) = preSolution
		{9DA9240E-DD12-B9AF-3EE6-5C760CAD55C5} = {9AC825CD-E9CE-807F-90B4-13B1BA87B887}
	EndGlobalSection
	GlobalSection(ExtensibilityGlobals) = postSolution
		SolutionGuid = {4E0D40A3-3DCB-474B-A7A9-0AE791777B35}
	EndGlobalSection
EndGlobal
